
Microsoft Visual Studio Solution File, Format Version 12.00
# Visual Studio 2012
Project("{FAE04EC0-301F-11D3-BF4B-00C04F79EFBC}") = "SAGO.BUSINESS", "SAGO.BUSINESS\SAGO.BUSINESS.csproj", "{D42E8368-8A7E-425C-A2FF-62256AD53A8F}"
EndProject
Project("{FAE04EC0-301F-11D3-BF4B-00C04F79EFBC}") = "SAGO.CLASES", "SAGO.CLASES\SAGO.CLASES.csproj", "{922F508A-00ED-48A8-BEF8-69AC2D40C608}"
EndProject
Project("{FAE04EC0-301F-11D3-BF4B-00C04F79EFBC}") = "SAGO.COMMON", "SAGO.COMMON\SAGO.COMMON.csproj", "{77C9E64E-EC92-4202-8CF0-031FA884467D}"
EndProject
Project("{FAE04EC0-301F-11D3-BF4B-00C04F79EFBC}") = "SAGO.DATAACCESS", "SAGO.DATAACCESS\SAGO.DATAACCESS.csproj", "{0C62CF4B-2229-471E-8D1B-BF8FEDE62028}"
EndProject
Project("{FAE04EC0-301F-11D3-BF4B-00C04F79EFBC}") = "SAGO.WEB", "SAGO.WEB\SAGO.WEB.csproj", "{D1080524-D102-43E7-8246-EFA9C21BDBA4}"
EndProject
Global
	GlobalSection(SolutionConfigurationPlatforms) = preSolution
		Debug|Any CPU = Debug|Any CPU
		Release|Any CPU = Release|Any CPU
	EndGlobalSection
	GlobalSection(ProjectConfigurationPlatforms) = postSolution
		{D42E8368-8A7E-425C-A2FF-62256AD53A8F}.Debug|Any CPU.ActiveCfg = Debug|Any CPU
		{D42E8368-8A7E-425C-A2FF-62256AD53A8F}.Debug|Any CPU.Build.0 = Debug|Any CPU
		{D42E8368-8A7E-425C-A2FF-62256AD53A8F}.Release|Any CPU.ActiveCfg = Release|Any CPU
		{D42E8368-8A7E-425C-A2FF-62256AD53A8F}.Release|Any CPU.Build.0 = Release|Any CPU
		{922F508A-00ED-48A8-BEF8-69AC2D40C608}.Debug|Any CPU.ActiveCfg = Debug|Any CPU
		{922F508A-00ED-48A8-BEF8-69AC2D40C608}.Debug|Any CPU.Build.0 = Debug|Any CPU
		{922F508A-00ED-48A8-BEF8-69AC2D40C608}.Release|Any CPU.ActiveCfg = Release|Any CPU
		{922F508A-00ED-48A8-BEF8-69AC2D40C608}.Release|Any CPU.Build.0 = Release|Any CPU
		{77C9E64E-EC92-4202-8CF0-031FA884467D}.Debug|Any CPU.ActiveCfg = Debug|Any CPU
		{77C9E64E-EC92-4202-8CF0-031FA884467D}.Debug|Any CPU.Build.0 = Debug|Any CPU
		{77C9E64E-EC92-4202-8CF0-031FA884467D}.Release|Any CPU.ActiveCfg = Release|Any CPU
		{77C9E64E-EC92-4202-8CF0-031FA884467D}.Release|Any CPU.Build.0 = Release|Any CPU
		{0C62CF4B-2229-471E-8D1B-BF8FEDE62028}.Debug|Any CPU.ActiveCfg = Debug|Any CPU
		{0C62CF4B-2229-471E-8D1B-BF8FEDE62028}.Debug|Any CPU.Build.0 = Debug|Any CPU
		{0C62CF4B-2229-471E-8D1B-BF8FEDE62028}.Release|Any CPU.ActiveCfg = Release|Any CPU
		{0C62CF4B-2229-471E-8D1B-BF8FEDE62028}.Release|Any CPU.Build.0 = Release|Any CPU
		{D1080524-D102-43E7-8246-EFA9C21BDBA4}.Debug|Any CPU.ActiveCfg = Debug|Any CPU
		{D1080524-D102-43E7-8246-EFA9C21BDBA4}.Debug|Any CPU.Build.0 = Debug|Any CPU
		{D1080524-D102-43E7-8246-EFA9C21BDBA4}.Release|Any CPU.ActiveCfg = Release|Any CPU
		{D1080524-D102-43E7-8246-EFA9C21BDBA4}.Release|Any CPU.Build.0 = Release|Any CPU
	EndGlobalSection
	GlobalSection(SolutionProperties) = preSolution
		HideSolutionNode = FALSE
	EndGlobalSection
EndGlobal
